
Microsoft Visual Studio Solution File, Format Version 12.00
# Visual Studio Version 17
VisualStudioVersion = 17.5.33424.131
MinimumVisualStudioVersion = 10.0.40219.1
Project("{FAE04EC0-301F-11D3-BF4B-00C04F79EFBC}") = "BarmejBelLebnene", "BarmejBelLebnene\BarmejBelLebnene.csproj", "{E13EF9EA-EFDD-484C-8FF4-6FC953ECFAD3}"
EndProject
Global
	GlobalSection(SolutionConfigurationPlatforms) = preSolution
		Debug|Any CPU = Debug|Any CPU
		Release|Any CPU = Release|Any CPU
	EndGlobalSection
	GlobalSection(ProjectConfigurationPlatforms) = postSolution
		{E13EF9EA-EFDD-484C-8FF4-6FC953ECFAD3}.Debug|Any CPU.ActiveCfg = Debug|Any CPU
		{E13EF9EA-EFDD-484C-8FF4-6FC953ECFAD3}.Debug|Any CPU.Build.0 = Debug|Any CPU
		{E13EF9EA-EFDD-484C-8FF4-6FC953ECFAD3}.Release|Any CPU.ActiveCfg = Release|Any CPU
		{E13EF9EA-EFDD-484C-8FF4-6FC953ECFAD3}.Release|Any CPU.Build.0 = Release|Any CPU
	EndGlobalSection
	GlobalSection(SolutionProperties) = preSolution
		HideSolutionNode = FALSE
	EndGlobalSection
	GlobalSection(ExtensibilityGlobals) = postSolution
		SolutionGuid = {4685E9CE-8EE5-4C76-8B22-C7F94DF5E2AE}
	EndGlobalSection
EndGlobal
